
Microsoft Visual Studio Solution File, Format Version 12.00
# Visual Studio Version 16
VisualStudioVersion = 16.0.30907.101
MinimumVisualStudioVersion = 10.0.40219.1
Project("{FAE04EC0-301F-11D3-BF4B-00C04F79EFBC}") = "OOP", "OOP.csproj", "{7E241528-067F-4EF0-ABB6-962408FE109C}"
EndProject
Global
	GlobalSection(SolutionConfigurationPlatforms) = preSolution
		Debug|Any CPU = Debug|Any CPU
		Release|Any CPU = Release|Any CPU
	EndGlobalSection
	GlobalSection(ProjectConfigurationPlatforms) = postSolution
		{7E241528-067F-4EF0-ABB6-962408FE109C}.Debug|Any CPU.ActiveCfg = Debug|Any CPU
		{7E241528-067F-4EF0-ABB6-962408FE109C}.Debug|Any CPU.Build.0 = Debug|Any CPU
		{7E241528-067F-4EF0-ABB6-962408FE109C}.Release|Any CPU.ActiveCfg = Release|Any CPU
		{7E241528-067F-4EF0-ABB6-962408FE109C}.Release|Any CPU.Build.0 = Release|Any CPU
	EndGlobalSection
	GlobalSection(SolutionProperties) = preSolution
		HideSolutionNode = FALSE
	EndGlobalSection
	GlobalSection(ExtensibilityGlobals) = postSolution
		SolutionGuid = {E83E07CA-2D92-4802-815B-449890C4D40A}
	EndGlobalSection
EndGlobal
